
Microsoft Visual Studio Solution File, Format Version 12.00
# Visual Studio Version 16
VisualStudioVersion = 16.0.32002.261
MinimumVisualStudioVersion = 10.0.40219.1
Project("{FAE04EC0-301F-11D3-BF4B-00C04F79EFBC}") = "WallFinishCreatorOptions", "WallFinishCreatorOptions\WallFinishCreatorOptions.csproj", "{11003FC1-920B-4EEE-B3F3-B2A0C9F592B5}"
EndProject
Global
	GlobalSection(SolutionConfigurationPlatforms) = preSolution
		Debug|Any CPU = Debug|Any CPU
		Release|Any CPU = Release|Any CPU
	EndGlobalSection
	GlobalSection(ProjectConfigurationPlatforms) = postSolution
		{11003FC1-920B-4EEE-B3F3-B2A0C9F592B5}.Debug|Any CPU.ActiveCfg = Debug|Any CPU
		{11003FC1-920B-4EEE-B3F3-B2A0C9F592B5}.Debug|Any CPU.Build.0 = Debug|Any CPU
		{11003FC1-920B-4EEE-B3F3-B2A0C9F592B5}.Release|Any CPU.ActiveCfg = Release|Any CPU
		{11003FC1-920B-4EEE-B3F3-B2A0C9F592B5}.Release|Any CPU.Build.0 = Release|Any CPU
	EndGlobalSection
	GlobalSection(SolutionProperties) = preSolution
		HideSolutionNode = FALSE
	EndGlobalSection
	GlobalSection(ExtensibilityGlobals) = postSolution
		SolutionGuid = {1A6DE533-02F5-4A09-99C1-FCD5E18662B7}
	EndGlobalSection
EndGlobal
